
Microsoft Visual Studio Solution File, Format Version 12.00
# Visual Studio 15
Project("{FAE04EC0-301F-11D3-BF4B-00C04F79EFBC}") = "UnityEngine.UI", "UnityEngine.UI.csproj", "{46E32B95-68F9-21AF-C0E4-CD8CEE651A1B}"
EndProject
Project("{FAE04EC0-301F-11D3-BF4B-00C04F79EFBC}") = "Assembly-CSharp", "Assembly-CSharp.csproj", "{E45F567F-F491-F918-03FD-6ABFDDED4337}"
EndProject
Project("{FAE04EC0-301F-11D3-BF4B-00C04F79EFBC}") = "Unity.2D.Sprite.Editor", "Unity.2D.Sprite.Editor.csproj", "{180BF6F0-955D-8271-C7AB-BDAC57EE710A}"
EndProject
Project("{FAE04EC0-301F-11D3-BF4B-00C04F79EFBC}") = "UnityEditor.UI", "UnityEditor.UI.csproj", "{0C515529-E4BA-6358-649F-77F5A70BD151}"
EndProject
Global
	GlobalSection(SolutionConfigurationPlatforms) = preSolution
		Debug|Any CPU = Debug|Any CPU
		Release|Any CPU = Release|Any CPU
	EndGlobalSection
	GlobalSection(ProjectConfigurationPlatforms) = postSolution
		{46E32B95-68F9-21AF-C0E4-CD8CEE651A1B}.Debug|Any CPU.ActiveCfg = Debug|Any CPU
		{46E32B95-68F9-21AF-C0E4-CD8CEE651A1B}.Debug|Any CPU.Build.0 = Debug|Any CPU
		{46E32B95-68F9-21AF-C0E4-CD8CEE651A1B}.Release|Any CPU.ActiveCfg = Release|Any CPU
		{46E32B95-68F9-21AF-C0E4-CD8CEE651A1B}.Release|Any CPU.Build.0 = Release|Any CPU
		{E45F567F-F491-F918-03FD-6ABFDDED4337}.Debug|Any CPU.ActiveCfg = Debug|Any CPU
		{E45F567F-F491-F918-03FD-6ABFDDED4337}.Debug|Any CPU.Build.0 = Debug|Any CPU
		{E45F567F-F491-F918-03FD-6ABFDDED4337}.Release|Any CPU.ActiveCfg = Release|Any CPU
		{E45F567F-F491-F918-03FD-6ABFDDED4337}.Release|Any CPU.Build.0 = Release|Any CPU
		{180BF6F0-955D-8271-C7AB-BDAC57EE710A}.Debug|Any CPU.ActiveCfg = Debug|Any CPU
		{180BF6F0-955D-8271-C7AB-BDAC57EE710A}.Debug|Any CPU.Build.0 = Debug|Any CPU
		{180BF6F0-955D-8271-C7AB-BDAC57EE710A}.Release|Any CPU.ActiveCfg = Release|Any CPU
		{180BF6F0-955D-8271-C7AB-BDAC57EE710A}.Release|Any CPU.Build.0 = Release|Any CPU
		{0C515529-E4BA-6358-649F-77F5A70BD151}.Debug|Any CPU.ActiveCfg = Debug|Any CPU
		{0C515529-E4BA-6358-649F-77F5A70BD151}.Debug|Any CPU.Build.0 = Debug|Any CPU
		{0C515529-E4BA-6358-649F-77F5A70BD151}.Release|Any CPU.ActiveCfg = Release|Any CPU
		{0C515529-E4BA-6358-649F-77F5A70BD151}.Release|Any CPU.Build.0 = Release|Any CPU
	EndGlobalSection
	GlobalSection(SolutionProperties) = preSolution
		HideSolutionNode = FALSE
	EndGlobalSection
EndGlobal
